
Microsoft Visual Studio Solution File, Format Version 11.00
# Visual Studio 2010
Project("{FAE04EC0-301F-11D3-BF4B-00C04F79EFBC}") = "UnityEngine.TestRunner", "UnityEngine.TestRunner.csproj", "{4b5a43b8-9798-8744-671e-f9df77ec9d1b}"
EndProject
Project("{FAE04EC0-301F-11D3-BF4B-00C04F79EFBC}") = "UnityEngine.UI", "UnityEngine.UI.csproj", "{66f379c1-d8ff-b5fd-eff1-d04e672baf93}"
EndProject
Project("{FAE04EC0-301F-11D3-BF4B-00C04F79EFBC}") = "Unity.VisualScripting.Flow", "Unity.VisualScripting.Flow.csproj", "{21d5e370-08b3-223e-eeb7-cca073f3a7d9}"
EndProject
Project("{FAE04EC0-301F-11D3-BF4B-00C04F79EFBC}") = "Unity.Mathematics", "Unity.Mathematics.csproj", "{e7e4e348-e2b4-3470-c4d9-628e207db282}"
EndProject
Project("{FAE04EC0-301F-11D3-BF4B-00C04F79EFBC}") = "Unity.VisualScripting.State", "Unity.VisualScripting.State.csproj", "{4c2513c5-f717-77f4-69d0-5dd9346321b2}"
EndProject
Project("{FAE04EC0-301F-11D3-BF4B-00C04F79EFBC}") = "Unity.VisualScripting.Core", "Unity.VisualScripting.Core.csproj", "{0cd9e943-2b00-2f1c-41c5-ab9dcdabcc13}"
EndProject
Project("{FAE04EC0-301F-11D3-BF4B-00C04F79EFBC}") = "Unity.Burst", "Unity.Burst.csproj", "{a7bf2779-7272-7993-b845-34d3c9b34c6c}"
EndProject
Project("{FAE04EC0-301F-11D3-BF4B-00C04F79EFBC}") = "Unity.2D.Animation.Runtime", "Unity.2D.Animation.Runtime.csproj", "{4e0e346e-e05c-fe7c-7f9a-23a9b009862b}"
EndProject
Project("{FAE04EC0-301F-11D3-BF4B-00C04F79EFBC}") = "Unity.TextMeshPro", "Unity.TextMeshPro.csproj", "{df8bda90-4508-cb16-e5d3-d2294766db7f}"
EndProject
Project("{FAE04EC0-301F-11D3-BF4B-00C04F79EFBC}") = "Unity.Timeline", "Unity.Timeline.csproj", "{6418ae07-2080-f773-be49-d4e51c324c44}"
EndProject
Project("{FAE04EC0-301F-11D3-BF4B-00C04F79EFBC}") = "Unity.2D.SpriteShape.Runtime", "Unity.2D.SpriteShape.Runtime.csproj", "{fb2db4a1-ae7b-2f8e-8c22-84098d179d19}"
EndProject
Project("{FAE04EC0-301F-11D3-BF4B-00C04F79EFBC}") = "Unity.2D.PixelPerfect", "Unity.2D.PixelPerfect.csproj", "{b5acb509-63fc-2586-d59e-e22c3427644c}"
EndProject
Project("{FAE04EC0-301F-11D3-BF4B-00C04F79EFBC}") = "Unity.2D.Common.Runtime", "Unity.2D.Common.Runtime.csproj", "{953319dc-5ff1-f4ce-e9d5-c7617b98d4ca}"
EndProject
Project("{FAE04EC0-301F-11D3-BF4B-00C04F79EFBC}") = "Unity.2D.IK.Runtime", "Unity.2D.IK.Runtime.csproj", "{6d44fff2-ed0c-fd82-fe6a-4afb3d7d2ede}"
EndProject
Project("{FAE04EC0-301F-11D3-BF4B-00C04F79EFBC}") = "Unity.2D.Tilemap.Extras", "Unity.2D.Tilemap.Extras.csproj", "{4501bb4a-b877-4507-a3fd-df7400d6c661}"
EndProject
Project("{FAE04EC0-301F-11D3-BF4B-00C04F79EFBC}") = "Unity.InternalAPIEngineBridge.001", "Unity.InternalAPIEngineBridge.001.csproj", "{27ba16ca-d7aa-439e-991f-410466806c52}"
EndProject
Project("{FAE04EC0-301F-11D3-BF4B-00C04F79EFBC}") = "Unity.PlasticSCM.Editor", "Unity.PlasticSCM.Editor.csproj", "{e3de2825-0a9d-46b4-6bce-83177a14cee1}"
EndProject
Project("{FAE04EC0-301F-11D3-BF4B-00C04F79EFBC}") = "Unity.VisualScripting.Core.Editor", "Unity.VisualScripting.Core.Editor.csproj", "{35142eee-c524-7707-d5fb-f942f0130382}"
EndProject
Project("{FAE04EC0-301F-11D3-BF4B-00C04F79EFBC}") = "Unity.VisualScripting.Flow.Editor", "Unity.VisualScripting.Flow.Editor.csproj", "{7a6eff00-3ff3-9c88-2766-7f90bc2f6897}"
EndProject
Project("{FAE04EC0-301F-11D3-BF4B-00C04F79EFBC}") = "Unity.VisualStudio.Editor", "Unity.VisualStudio.Editor.csproj", "{bcbca0a4-d765-a0c2-5447-99a07e59b2c2}"
EndProject
Project("{FAE04EC0-301F-11D3-BF4B-00C04F79EFBC}") = "Unity.Timeline.Editor", "Unity.Timeline.Editor.csproj", "{29bf6023-5f12-f45b-a3d5-d77504e3b7ee}"
EndProject
Project("{FAE04EC0-301F-11D3-BF4B-00C04F79EFBC}") = "Unity.VisualScripting.State.Editor", "Unity.VisualScripting.State.Editor.csproj", "{1ad710ce-73a1-ab28-e9a8-9b77646dd5f3}"
EndProject
Project("{FAE04EC0-301F-11D3-BF4B-00C04F79EFBC}") = "Unity.TextMeshPro.Editor", "Unity.TextMeshPro.Editor.csproj", "{c0ebadea-bd16-1e82-8a3d-f9d13a1dcc0b}"
EndProject
Project("{FAE04EC0-301F-11D3-BF4B-00C04F79EFBC}") = "Unity.2D.PixelPerfect.Editor", "Unity.2D.PixelPerfect.Editor.csproj", "{0d13e5c2-9057-57ba-0890-b9ab39e8453b}"
EndProject
Project("{FAE04EC0-301F-11D3-BF4B-00C04F79EFBC}") = "Unity.2D.Animation.Editor", "Unity.2D.Animation.Editor.csproj", "{80ae57c3-d28e-5c45-c1e1-d57a32322576}"
EndProject
Project("{FAE04EC0-301F-11D3-BF4B-00C04F79EFBC}") = "Unity.VisualScripting.SettingsProvider.Editor", "Unity.VisualScripting.SettingsProvider.Editor.csproj", "{65dc8136-e9cd-2b87-2924-956744315f9f}"
EndProject
Project("{FAE04EC0-301F-11D3-BF4B-00C04F79EFBC}") = "Unity.2D.Psdimporter.Editor", "Unity.2D.Psdimporter.Editor.csproj", "{2e75f712-10d2-ab2f-0267-ff59d27d5571}"
EndProject
Project("{FAE04EC0-301F-11D3-BF4B-00C04F79EFBC}") = "UnityEditor.TestRunner", "UnityEditor.TestRunner.csproj", "{cc6c1d34-c283-27ba-288e-c2063e8a2c17}"
EndProject
Project("{FAE04EC0-301F-11D3-BF4B-00C04F79EFBC}") = "Unity.2D.Tilemap.Editor", "Unity.2D.Tilemap.Editor.csproj", "{7cc20a03-a525-19e7-42ae-a0bd903014c2}"
EndProject
Project("{FAE04EC0-301F-11D3-BF4B-00C04F79EFBC}") = "Unity.Rider.Editor", "Unity.Rider.Editor.csproj", "{157b1f5f-cd19-9788-1115-dc752b8111ef}"
EndProject
Project("{FAE04EC0-301F-11D3-BF4B-00C04F79EFBC}") = "Unity.2D.Path.Editor", "Unity.2D.Path.Editor.csproj", "{4a0e3978-0b76-ff92-e227-4e7f992751f3}"
EndProject
Project("{FAE04EC0-301F-11D3-BF4B-00C04F79EFBC}") = "PsdPlugin", "PsdPlugin.csproj", "{8bf9baf9-a030-7aef-268e-93e6c551bb19}"
EndProject
Project("{FAE04EC0-301F-11D3-BF4B-00C04F79EFBC}") = "Unity.2D.IK.Editor", "Unity.2D.IK.Editor.csproj", "{8e598827-bdac-4550-edcf-83c894474303}"
EndProject
Project("{FAE04EC0-301F-11D3-BF4B-00C04F79EFBC}") = "Unity.2D.SpriteShape.Editor", "Unity.2D.SpriteShape.Editor.csproj", "{5ab085b1-6960-f255-f66c-125a1b4039b4}"
EndProject
Project("{FAE04EC0-301F-11D3-BF4B-00C04F79EFBC}") = "Unity.Burst.CodeGen", "Unity.Burst.CodeGen.csproj", "{9d5c930b-bb5c-2058-8099-4fa45857103c}"
EndProject
Project("{FAE04EC0-301F-11D3-BF4B-00C04F79EFBC}") = "Unity.VSCode.Editor", "Unity.VSCode.Editor.csproj", "{3bd01713-7f0e-8732-2cbb-4034ae5415bf}"
EndProject
Project("{FAE04EC0-301F-11D3-BF4B-00C04F79EFBC}") = "Unity.2D.Sprite.Editor", "Unity.2D.Sprite.Editor.csproj", "{8172da0f-3e3c-0a6d-eea5-48e0cae5fb12}"
EndProject
Project("{FAE04EC0-301F-11D3-BF4B-00C04F79EFBC}") = "UnityEditor.UI", "UnityEditor.UI.csproj", "{f7579520-c516-d281-9676-cc793e0d72e5}"
EndProject
Project("{FAE04EC0-301F-11D3-BF4B-00C04F79EFBC}") = "Unity.2D.Common.Editor", "Unity.2D.Common.Editor.csproj", "{600c50e9-79da-16e8-0cae-4c820f7523f6}"
EndProject
Project("{FAE04EC0-301F-11D3-BF4B-00C04F79EFBC}") = "Unity.CollabProxy.Editor", "Unity.CollabProxy.Editor.csproj", "{75b7d119-9c9c-4c58-a493-59535127684b}"
EndProject
Project("{FAE04EC0-301F-11D3-BF4B-00C04F79EFBC}") = "Unity.Mathematics.Editor", "Unity.Mathematics.Editor.csproj", "{06093093-3b2a-ac67-636a-f33b6054f86a}"
EndProject
Project("{FAE04EC0-301F-11D3-BF4B-00C04F79EFBC}") = "Unity.2D.Tilemap.Extras.Editor", "Unity.2D.Tilemap.Extras.Editor.csproj", "{a7a50178-c15f-2d47-89b5-7873e3fb85b4}"
EndProject
Project("{FAE04EC0-301F-11D3-BF4B-00C04F79EFBC}") = "Unity.Burst.Editor", "Unity.Burst.Editor.csproj", "{c7dcb8f0-4262-444a-e08c-86ca4a6ae4df}"
EndProject
Project("{FAE04EC0-301F-11D3-BF4B-00C04F79EFBC}") = "Unity.InternalAPIEditorBridge.001", "Unity.InternalAPIEditorBridge.001.csproj", "{775d3687-f9dc-cf67-0cc2-c9ab796de660}"
EndProject
Project("{FAE04EC0-301F-11D3-BF4B-00C04F79EFBC}") = "Unity.VisualScripting.Shared.Editor", "Unity.VisualScripting.Shared.Editor.csproj", "{a8c11423-2639-4b85-8106-abe672e4b296}"
EndProject
Global
	GlobalSection(SolutionConfigurationPlatforms) = preSolution
		Debug|Any CPU = Debug|Any CPU
	EndGlobalSection
	GlobalSection(ProjectConfigurationPlatforms) = postSolution
		{4b5a43b8-9798-8744-671e-f9df77ec9d1b}.Debug|Any CPU.ActiveCfg = Debug|Any CPU
		{4b5a43b8-9798-8744-671e-f9df77ec9d1b}.Debug|Any CPU.Build.0 = Debug|Any CPU
		{66f379c1-d8ff-b5fd-eff1-d04e672baf93}.Debug|Any CPU.ActiveCfg = Debug|Any CPU
		{66f379c1-d8ff-b5fd-eff1-d04e672baf93}.Debug|Any CPU.Build.0 = Debug|Any CPU
		{21d5e370-08b3-223e-eeb7-cca073f3a7d9}.Debug|Any CPU.ActiveCfg = Debug|Any CPU
		{21d5e370-08b3-223e-eeb7-cca073f3a7d9}.Debug|Any CPU.Build.0 = Debug|Any CPU
		{e7e4e348-e2b4-3470-c4d9-628e207db282}.Debug|Any CPU.ActiveCfg = Debug|Any CPU
		{e7e4e348-e2b4-3470-c4d9-628e207db282}.Debug|Any CPU.Build.0 = Debug|Any CPU
		{4c2513c5-f717-77f4-69d0-5dd9346321b2}.Debug|Any CPU.ActiveCfg = Debug|Any CPU
		{4c2513c5-f717-77f4-69d0-5dd9346321b2}.Debug|Any CPU.Build.0 = Debug|Any CPU
		{0cd9e943-2b00-2f1c-41c5-ab9dcdabcc13}.Debug|Any CPU.ActiveCfg = Debug|Any CPU
		{0cd9e943-2b00-2f1c-41c5-ab9dcdabcc13}.Debug|Any CPU.Build.0 = Debug|Any CPU
		{a7bf2779-7272-7993-b845-34d3c9b34c6c}.Debug|Any CPU.ActiveCfg = Debug|Any CPU
		{a7bf2779-7272-7993-b845-34d3c9b34c6c}.Debug|Any CPU.Build.0 = Debug|Any CPU
		{4e0e346e-e05c-fe7c-7f9a-23a9b009862b}.Debug|Any CPU.ActiveCfg = Debug|Any CPU
		{4e0e346e-e05c-fe7c-7f9a-23a9b009862b}.Debug|Any CPU.Build.0 = Debug|Any CPU
		{df8bda90-4508-cb16-e5d3-d2294766db7f}.Debug|Any CPU.ActiveCfg = Debug|Any CPU
		{df8bda90-4508-cb16-e5d3-d2294766db7f}.Debug|Any CPU.Build.0 = Debug|Any CPU
		{6418ae07-2080-f773-be49-d4e51c324c44}.Debug|Any CPU.ActiveCfg = Debug|Any CPU
		{6418ae07-2080-f773-be49-d4e51c324c44}.Debug|Any CPU.Build.0 = Debug|Any CPU
		{fb2db4a1-ae7b-2f8e-8c22-84098d179d19}.Debug|Any CPU.ActiveCfg = Debug|Any CPU
		{fb2db4a1-ae7b-2f8e-8c22-84098d179d19}.Debug|Any CPU.Build.0 = Debug|Any CPU
		{b5acb509-63fc-2586-d59e-e22c3427644c}.Debug|Any CPU.ActiveCfg = Debug|Any CPU
		{b5acb509-63fc-2586-d59e-e22c3427644c}.Debug|Any CPU.Build.0 = Debug|Any CPU
		{953319dc-5ff1-f4ce-e9d5-c7617b98d4ca}.Debug|Any CPU.ActiveCfg = Debug|Any CPU
		{953319dc-5ff1-f4ce-e9d5-c7617b98d4ca}.Debug|Any CPU.Build.0 = Debug|Any CPU
		{6d44fff2-ed0c-fd82-fe6a-4afb3d7d2ede}.Debug|Any CPU.ActiveCfg = Debug|Any CPU
		{6d44fff2-ed0c-fd82-fe6a-4afb3d7d2ede}.Debug|Any CPU.Build.0 = Debug|Any CPU
		{4501bb4a-b877-4507-a3fd-df7400d6c661}.Debug|Any CPU.ActiveCfg = Debug|Any CPU
		{4501bb4a-b877-4507-a3fd-df7400d6c661}.Debug|Any CPU.Build.0 = Debug|Any CPU
		{27ba16ca-d7aa-439e-991f-410466806c52}.Debug|Any CPU.ActiveCfg = Debug|Any CPU
		{27ba16ca-d7aa-439e-991f-410466806c52}.Debug|Any CPU.Build.0 = Debug|Any CPU
		{e3de2825-0a9d-46b4-6bce-83177a14cee1}.Debug|Any CPU.ActiveCfg = Debug|Any CPU
		{e3de2825-0a9d-46b4-6bce-83177a14cee1}.Debug|Any CPU.Build.0 = Debug|Any CPU
		{35142eee-c524-7707-d5fb-f942f0130382}.Debug|Any CPU.ActiveCfg = Debug|Any CPU
		{35142eee-c524-7707-d5fb-f942f0130382}.Debug|Any CPU.Build.0 = Debug|Any CPU
		{7a6eff00-3ff3-9c88-2766-7f90bc2f6897}.Debug|Any CPU.ActiveCfg = Debug|Any CPU
		{7a6eff00-3ff3-9c88-2766-7f90bc2f6897}.Debug|Any CPU.Build.0 = Debug|Any CPU
		{bcbca0a4-d765-a0c2-5447-99a07e59b2c2}.Debug|Any CPU.ActiveCfg = Debug|Any CPU
		{bcbca0a4-d765-a0c2-5447-99a07e59b2c2}.Debug|Any CPU.Build.0 = Debug|Any CPU
		{29bf6023-5f12-f45b-a3d5-d77504e3b7ee}.Debug|Any CPU.ActiveCfg = Debug|Any CPU
		{29bf6023-5f12-f45b-a3d5-d77504e3b7ee}.Debug|Any CPU.Build.0 = Debug|Any CPU
		{1ad710ce-73a1-ab28-e9a8-9b77646dd5f3}.Debug|Any CPU.ActiveCfg = Debug|Any CPU
		{1ad710ce-73a1-ab28-e9a8-9b77646dd5f3}.Debug|Any CPU.Build.0 = Debug|Any CPU
		{c0ebadea-bd16-1e82-8a3d-f9d13a1dcc0b}.Debug|Any CPU.ActiveCfg = Debug|Any CPU
		{c0ebadea-bd16-1e82-8a3d-f9d13a1dcc0b}.Debug|Any CPU.Build.0 = Debug|Any CPU
		{0d13e5c2-9057-57ba-0890-b9ab39e8453b}.Debug|Any CPU.ActiveCfg = Debug|Any CPU
		{0d13e5c2-9057-57ba-0890-b9ab39e8453b}.Debug|Any CPU.Build.0 = Debug|Any CPU
		{80ae57c3-d28e-5c45-c1e1-d57a32322576}.Debug|Any CPU.ActiveCfg = Debug|Any CPU
		{80ae57c3-d28e-5c45-c1e1-d57a32322576}.Debug|Any CPU.Build.0 = Debug|Any CPU
		{65dc8136-e9cd-2b87-2924-956744315f9f}.Debug|Any CPU.ActiveCfg = Debug|Any CPU
		{65dc8136-e9cd-2b87-2924-956744315f9f}.Debug|Any CPU.Build.0 = Debug|Any CPU
		{2e75f712-10d2-ab2f-0267-ff59d27d5571}.Debug|Any CPU.ActiveCfg = Debug|Any CPU
		{2e75f712-10d2-ab2f-0267-ff59d27d5571}.Debug|Any CPU.Build.0 = Debug|Any CPU
		{cc6c1d34-c283-27ba-288e-c2063e8a2c17}.Debug|Any CPU.ActiveCfg = Debug|Any CPU
		{cc6c1d34-c283-27ba-288e-c2063e8a2c17}.Debug|Any CPU.Build.0 = Debug|Any CPU
		{7cc20a03-a525-19e7-42ae-a0bd903014c2}.Debug|Any CPU.ActiveCfg = Debug|Any CPU
		{7cc20a03-a525-19e7-42ae-a0bd903014c2}.Debug|Any CPU.Build.0 = Debug|Any CPU
		{157b1f5f-cd19-9788-1115-dc752b8111ef}.Debug|Any CPU.ActiveCfg = Debug|Any CPU
		{157b1f5f-cd19-9788-1115-dc752b8111ef}.Debug|Any CPU.Build.0 = Debug|Any CPU
		{4a0e3978-0b76-ff92-e227-4e7f992751f3}.Debug|Any CPU.ActiveCfg = Debug|Any CPU
		{4a0e3978-0b76-ff92-e227-4e7f992751f3}.Debug|Any CPU.Build.0 = Debug|Any CPU
		{8bf9baf9-a030-7aef-268e-93e6c551bb19}.Debug|Any CPU.ActiveCfg = Debug|Any CPU
		{8bf9baf9-a030-7aef-268e-93e6c551bb19}.Debug|Any CPU.Build.0 = Debug|Any CPU
		{8e598827-bdac-4550-edcf-83c894474303}.Debug|Any CPU.ActiveCfg = Debug|Any CPU
		{8e598827-bdac-4550-edcf-83c894474303}.Debug|Any CPU.Build.0 = Debug|Any CPU
		{5ab085b1-6960-f255-f66c-125a1b4039b4}.Debug|Any CPU.ActiveCfg = Debug|Any CPU
		{5ab085b1-6960-f255-f66c-125a1b4039b4}.Debug|Any CPU.Build.0 = Debug|Any CPU
		{9d5c930b-bb5c-2058-8099-4fa45857103c}.Debug|Any CPU.ActiveCfg = Debug|Any CPU
		{9d5c930b-bb5c-2058-8099-4fa45857103c}.Debug|Any CPU.Build.0 = Debug|Any CPU
		{3bd01713-7f0e-8732-2cbb-4034ae5415bf}.Debug|Any CPU.ActiveCfg = Debug|Any CPU
		{3bd01713-7f0e-8732-2cbb-4034ae5415bf}.Debug|Any CPU.Build.0 = Debug|Any CPU
		{8172da0f-3e3c-0a6d-eea5-48e0cae5fb12}.Debug|Any CPU.ActiveCfg = Debug|Any CPU
		{8172da0f-3e3c-0a6d-eea5-48e0cae5fb12}.Debug|Any CPU.Build.0 = Debug|Any CPU
		{f7579520-c516-d281-9676-cc793e0d72e5}.Debug|Any CPU.ActiveCfg = Debug|Any CPU
		{f7579520-c516-d281-9676-cc793e0d72e5}.Debug|Any CPU.Build.0 = Debug|Any CPU
		{600c50e9-79da-16e8-0cae-4c820f7523f6}.Debug|Any CPU.ActiveCfg = Debug|Any CPU
		{600c50e9-79da-16e8-0cae-4c820f7523f6}.Debug|Any CPU.Build.0 = Debug|Any CPU
		{75b7d119-9c9c-4c58-a493-59535127684b}.Debug|Any CPU.ActiveCfg = Debug|Any CPU
		{75b7d119-9c9c-4c58-a493-59535127684b}.Debug|Any CPU.Build.0 = Debug|Any CPU
		{06093093-3b2a-ac67-636a-f33b6054f86a}.Debug|Any CPU.ActiveCfg = Debug|Any CPU
		{06093093-3b2a-ac67-636a-f33b6054f86a}.Debug|Any CPU.Build.0 = Debug|Any CPU
		{a7a50178-c15f-2d47-89b5-7873e3fb85b4}.Debug|Any CPU.ActiveCfg = Debug|Any CPU
		{a7a50178-c15f-2d47-89b5-7873e3fb85b4}.Debug|Any CPU.Build.0 = Debug|Any CPU
		{c7dcb8f0-4262-444a-e08c-86ca4a6ae4df}.Debug|Any CPU.ActiveCfg = Debug|Any CPU
		{c7dcb8f0-4262-444a-e08c-86ca4a6ae4df}.Debug|Any CPU.Build.0 = Debug|Any CPU
		{775d3687-f9dc-cf67-0cc2-c9ab796de660}.Debug|Any CPU.ActiveCfg = Debug|Any CPU
		{775d3687-f9dc-cf67-0cc2-c9ab796de660}.Debug|Any CPU.Build.0 = Debug|Any CPU
		{a8c11423-2639-4b85-8106-abe672e4b296}.Debug|Any CPU.ActiveCfg = Debug|Any CPU
		{a8c11423-2639-4b85-8106-abe672e4b296}.Debug|Any CPU.Build.0 = Debug|Any CPU
	EndGlobalSection
	GlobalSection(SolutionProperties) = preSolution
		HideSolutionNode = FALSE
	EndGlobalSection
EndGlobal
